{
	"name": "@fuzdev/blake3",
	"version": "0.1.0",
	"lockfileVersion": 3,
	"requires": true,
	"packages": {
		"": {
			"name": "@fuzdev/blake3",
			"version": "0.1.0",
			"devDependencies": {
				"@fuzdev/fuz_util": "^0.52.1",
				"blake3-wasm": "^2.1.5"
			}
		},
		"node_modules/@fuzdev/fuz_util": {
			"version": "0.52.1",
			"resolved": "https://registry.npmjs.org/@fuzdev/fuz_util/-/fuz_util-0.52.1.tgz",
			"integrity": "sha512-kOqhYkMi3liA9hd69/TGgUiBElfSwnijkxYg31Pea6YyLGqL0pd9uNj7mSHsCaVBUuV5hmVF1FbaBMO5fIeHxg==",
			"dev": true,
			"license": "MIT",
			"engines": {
				"node": ">=22.15"
			},
			"funding": {
				"url": "https://www.ryanatkn.com/funding"
			},
			"peerDependencies": {
				"@types/estree": "^1",
				"@types/node": "^24",
				"esm-env": "^1.2.2",
				"svelte": "^5",
				"zod": "^4.0.14"
			},
			"peerDependenciesMeta": {
				"@types/estree": {
					"optional": true
				},
				"@types/node": {
					"optional": true
				},
				"esm-env": {
					"optional": true
				},
				"svelte": {
					"optional": true
				},
				"zod": {
					"optional": true
				}
			}
		},
		"node_modules/blake3-wasm": {
			"version": "2.1.5",
			"resolved": "https://registry.npmjs.org/blake3-wasm/-/blake3-wasm-2.1.5.tgz",
			"integrity": "sha512-F1+K8EbfOZE49dtoPtmxUQrpXaBIl3ICvasLh+nJta0xkz+9kF/7uet9fLnwKqhDrmj6g+6K3Tw9yQPUg2ka5g==",
			"dev": true,
			"license": "MIT"
		}
	}
}
