{
  "name": "@fuzdev/blake3",
  "version": "0.1.1",
  "lockfileVersion": 3,
  "requires": true,
  "packages": {
    "": {
      "name": "@fuzdev/blake3",
      "version": "0.1.1",
      "devDependencies": {
        "@fuzdev/fuz_util": "^0.65.2",
        "@types/node": "^24.10.1",
        "blake3-wasm": "^2.1.5"
      }
    },
    "node_modules/@fuzdev/fuz_util": {
      "version": "0.65.2",
      "resolved": "https://registry.npmjs.org/@fuzdev/fuz_util/-/fuz_util-0.65.2.tgz",
      "integrity": "sha512-VE20HhfZTPOY3SMx4kBELaAZFSRppbskQsIsqy4SvMmGknc0LrxN6jTrnzhp0blooPt3vPparf/yKdzwPUVUCg==",
      "dev": true,
      "license": "MIT",
      "engines": {
        "node": ">=24.14"
      },
      "funding": {
        "url": "https://www.ryanatkn.com/funding"
      },
      "peerDependencies": {
        "@fuzdev/blake3_wasm": "^0.1.0",
        "@types/estree": "^1",
        "@types/node": "^24",
        "esm-env": "^1.2.2",
        "svelte": "^5",
        "svelte-docinfo": ">=0.2.0",
        "zod": "^4.0.14"
      },
      "peerDependenciesMeta": {
        "@fuzdev/blake3_wasm": {
          "optional": true
        },
        "@types/estree": {
          "optional": true
        },
        "@types/node": {
          "optional": true
        },
        "svelte": {
          "optional": true
        },
        "svelte-docinfo": {
          "optional": true
        },
        "zod": {
          "optional": true
        }
      }
    },
    "node_modules/@types/node": {
      "version": "24.12.4",
      "resolved": "https://registry.npmjs.org/@types/node/-/node-24.12.4.tgz",
      "integrity": "sha512-GUUEShf+PBCGW2KaXwcIt3Yk+e3pkKwWKb9GSyM9WQVE+ep2jzmHdGsHzu4wgcZy5fN9FBdVzjpBQsYlpfpgLA==",
      "dev": true,
      "license": "MIT",
      "dependencies": {
        "undici-types": "~7.16.0"
      }
    },
    "node_modules/blake3-wasm": {
      "version": "2.1.5",
      "resolved": "https://registry.npmjs.org/blake3-wasm/-/blake3-wasm-2.1.5.tgz",
      "integrity": "sha512-F1+K8EbfOZE49dtoPtmxUQrpXaBIl3ICvasLh+nJta0xkz+9kF/7uet9fLnwKqhDrmj6g+6K3Tw9yQPUg2ka5g==",
      "dev": true,
      "license": "MIT"
    },
    "node_modules/esm-env": {
      "version": "1.2.2",
      "resolved": "https://registry.npmjs.org/esm-env/-/esm-env-1.2.2.tgz",
      "integrity": "sha512-Epxrv+Nr/CaL4ZcFGPJIYLWFom+YeV1DqMLHJoEd9SYRxNbaFruBwfEX/kkHUJf55j2+TUbmDcmuilbP1TmXHA==",
      "dev": true,
      "license": "MIT",
      "peer": true
    },
    "node_modules/undici-types": {
      "version": "7.16.0",
      "resolved": "https://registry.npmjs.org/undici-types/-/undici-types-7.16.0.tgz",
      "integrity": "sha512-Zz+aZWSj8LE6zoxD+xrjh4VfkIG8Ya6LvYkZqtUQGJPZjYl53ypCaUwWqo7eI0x66KBGeRo+mlBEkMSeSZ38Nw==",
      "dev": true,
      "license": "MIT"
    }
  }
}
